// !$*UTF8*$!
{
	archiveVersion = 1;
	classes = {
	};
	objectVersion = 46;
	objects = {

/* Begin PBXBuildFile section */
		1A2CFCCED8384852B4F979C0 /* libPods-HotDailyTests.a in Frameworks */ = {isa = PBXBuildFile; fileRef = 4B4C8938C679416A825D8629 /* libPods-HotDailyTests.a */; };
		466EB19A90A446348AF8FA10 /* libPods-HotDaily.a in Frameworks */ = {isa = PBXBuildFile; fileRef = 12D4EFFBB8304D16B324CB42 /* libPods-HotDaily.a */; };
		871BE2691963DC4900087E4B /* Foundation.framework in Frameworks */ = {isa = PBXBuildFile; fileRef = 871BE2681963DC4900087E4B /* Foundation.framework */; };
		871BE26B1963DC4900087E4B /* CoreGraphics.framework in Frameworks */ = {isa = PBXBuildFile; fileRef = 871BE26A1963DC4900087E4B /* CoreGraphics.framework */; };
		871BE26D1963DC4900087E4B /* UIKit.framework in Frameworks */ = {isa = PBXBuildFile; fileRef = 871BE26C1963DC4900087E4B /* UIKit.framework */; };
		871BE26F1963DC4900087E4B /* CoreData.framework in Frameworks */ = {isa = PBXBuildFile; fileRef = 871BE26E1963DC4900087E4B /* CoreData.framework */; };
		871BE2751963DC4900087E4B /* InfoPlist.strings in Resources */ = {isa = PBXBuildFile; fileRef = 871BE2731963DC4900087E4B /* InfoPlist.strings */; };
		871BE2771963DC4900087E4B /* main.m in Sources */ = {isa = PBXBuildFile; fileRef = 871BE2761963DC4900087E4B /* main.m */; };
		871BE27B1963DC4900087E4B /* HDAppDelegate.m in Sources */ = {isa = PBXBuildFile; fileRef = 871BE27A1963DC4900087E4B /* HDAppDelegate.m */; };
		871BE27E1963DC4900087E4B /* Main_iPhone.storyboard in Resources */ = {isa = PBXBuildFile; fileRef = 871BE27C1963DC4900087E4B /* Main_iPhone.storyboard */; };
		871BE28C1963DC4900087E4B /* Images.xcassets in Resources */ = {isa = PBXBuildFile; fileRef = 871BE28B1963DC4900087E4B /* Images.xcassets */; };
		871BE2931963DC4900087E4B /* XCTest.framework in Frameworks */ = {isa = PBXBuildFile; fileRef = 871BE2921963DC4900087E4B /* XCTest.framework */; };
		871BE2941963DC4900087E4B /* Foundation.framework in Frameworks */ = {isa = PBXBuildFile; fileRef = 871BE2681963DC4900087E4B /* Foundation.framework */; };
		871BE2951963DC4900087E4B /* UIKit.framework in Frameworks */ = {isa = PBXBuildFile; fileRef = 871BE26C1963DC4900087E4B /* UIKit.framework */; };
		871BE2961963DC4900087E4B /* CoreData.framework in Frameworks */ = {isa = PBXBuildFile; fileRef = 871BE26E1963DC4900087E4B /* CoreData.framework */; };
		871BE29E1963DC4900087E4B /* InfoPlist.strings in Resources */ = {isa = PBXBuildFile; fileRef = 871BE29C1963DC4900087E4B /* InfoPlist.strings */; };
		871BE2A01963DC4900087E4B /* HotDailyTests.m in Sources */ = {isa = PBXBuildFile; fileRef = 871BE29F1963DC4900087E4B /* HotDailyTests.m */; };
		876111F5198A3D9E00B92D99 /* contentView in Resources */ = {isa = PBXBuildFile; fileRef = 876111F4198A3D9E00B92D99 /* contentView */; };
		876111F8198A409100B92D99 /* WebViewProxy.m in Sources */ = {isa = PBXBuildFile; fileRef = 876111F7198A409100B92D99 /* WebViewProxy.m */; };
		876CEC071994AC67007BE0E1 /* HDShareViewController.m in Sources */ = {isa = PBXBuildFile; fileRef = 876CEC061994AC67007BE0E1 /* HDShareViewController.m */; };
		876CEC0A1994B826007BE0E1 /* UIView+Capture.m in Sources */ = {isa = PBXBuildFile; fileRef = 876CEC091994B826007BE0E1 /* UIView+Capture.m */; };
		878003E9199B56A600E65B77 /* MJRefresh.bundle in Resources */ = {isa = PBXBuildFile; fileRef = 878003D9199B56A600E65B77 /* MJRefresh.bundle */; };
		878003EA199B56A600E65B77 /* MJRefreshBaseView.m in Sources */ = {isa = PBXBuildFile; fileRef = 878003DC199B56A600E65B77 /* MJRefreshBaseView.m */; };
		878003EB199B56A600E65B77 /* MJRefreshConst.m in Sources */ = {isa = PBXBuildFile; fileRef = 878003DE199B56A600E65B77 /* MJRefreshConst.m */; };
		878003EC199B56A600E65B77 /* MJRefreshFooterView.m in Sources */ = {isa = PBXBuildFile; fileRef = 878003E0199B56A600E65B77 /* MJRefreshFooterView.m */; };
		878003ED199B56A600E65B77 /* MJRefreshHeaderView.m in Sources */ = {isa = PBXBuildFile; fileRef = 878003E2199B56A600E65B77 /* MJRefreshHeaderView.m */; };
		878003EE199B56A600E65B77 /* UIScrollView+Extension.m in Sources */ = {isa = PBXBuildFile; fileRef = 878003E4199B56A600E65B77 /* UIScrollView+Extension.m */; };
		878003EF199B56A600E65B77 /* UIScrollView+MJRefresh.m in Sources */ = {isa = PBXBuildFile; fileRef = 878003E6199B56A600E65B77 /* UIScrollView+MJRefresh.m */; };
		878003F0199B56A600E65B77 /* UIView+Extension.m in Sources */ = {isa = PBXBuildFile; fileRef = 878003E8199B56A600E65B77 /* UIView+Extension.m */; };
		878003F3199BB19900E65B77 /* HDHistoryViewController.m in Sources */ = {isa = PBXBuildFile; fileRef = 878003F2199BB19900E65B77 /* HDHistoryViewController.m */; };
		878003F6199BB38C00E65B77 /* HDHistoryListViewController.m in Sources */ = {isa = PBXBuildFile; fileRef = 878003F5199BB38C00E65B77 /* HDHistoryListViewController.m */; };
		878003FC199DAE0D00E65B77 /* historyData in Resources */ = {isa = PBXBuildFile; fileRef = 878003FB199DAE0D00E65B77 /* historyData */; };
		878003FF199DB56200E65B77 /* HDHistoryListCell.m in Sources */ = {isa = PBXBuildFile; fileRef = 878003FE199DB56200E65B77 /* HDHistoryListCell.m */; };
		87800402199DE96F00E65B77 /* HDHistoryRecordViewController.m in Sources */ = {isa = PBXBuildFile; fileRef = 87800401199DE96F00E65B77 /* HDHistoryRecordViewController.m */; };
		87800405199FB49500E65B77 /* HDMainViewController.m in Sources */ = {isa = PBXBuildFile; fileRef = 87800404199FB49500E65B77 /* HDMainViewController.m */; };
		8780040819A07EDA00E65B77 /* HDAboutViewController.m in Sources */ = {isa = PBXBuildFile; fileRef = 8780040719A07EDA00E65B77 /* HDAboutViewController.m */; };
		8780040B19A07F5000E65B77 /* HDBeforeSuggestViewController.m in Sources */ = {isa = PBXBuildFile; fileRef = 8780040A19A07F5000E65B77 /* HDBeforeSuggestViewController.m */; };
		8780040F19A19BCB00E65B77 /* HDCollectionStore.m in Sources */ = {isa = PBXBuildFile; fileRef = 8780040E19A19BCB00E65B77 /* HDCollectionStore.m */; };
		87829395197D0DD10037AC25 /* HDMainListViewModel.m in Sources */ = {isa = PBXBuildFile; fileRef = 87829394197D0DD10037AC25 /* HDMainListViewModel.m */; };
		87829398197D13660037AC25 /* HDHTTPManager.m in Sources */ = {isa = PBXBuildFile; fileRef = 87829397197D13660037AC25 /* HDHTTPManager.m */; };
		879B4A5719907FDD00A70924 /* SystemConfiguration.framework in Frameworks */ = {isa = PBXBuildFile; fileRef = 879B4A5619907FDD00A70924 /* SystemConfiguration.framework */; };
		879B4A5919907FE800A70924 /* QuartzCore.framework in Frameworks */ = {isa = PBXBuildFile; fileRef = 879B4A5819907FE800A70924 /* QuartzCore.framework */; };
		879B4A5B19907FF400A70924 /* CoreTelephony.framework in Frameworks */ = {isa = PBXBuildFile; fileRef = 879B4A5A19907FF400A70924 /* CoreTelephony.framework */; };
		879B4A5D1990800600A70924 /* libicucore.dylib in Frameworks */ = {isa = PBXBuildFile; fileRef = 879B4A5C1990800600A70924 /* libicucore.dylib */; };
		879B4A5F1990801100A70924 /* libz.1.2.5.dylib in Frameworks */ = {isa = PBXBuildFile; fileRef = 879B4A5E1990801100A70924 /* libz.1.2.5.dylib */; };
		879B4A611990801E00A70924 /* Security.framework in Frameworks */ = {isa = PBXBuildFile; fileRef = 879B4A601990801E00A70924 /* Security.framework */; };
		87A7387719889FA700A5E4A2 /* HDCollectionViewController.m in Sources */ = {isa = PBXBuildFile; fileRef = 87A7387619889FA700A5E4A2 /* HDCollectionViewController.m */; };
		87A738801988AA1500A5E4A2 /* HDBaseViewController.m in Sources */ = {isa = PBXBuildFile; fileRef = 87A7387F1988AA1500A5E4A2 /* HDBaseViewController.m */; };
		87A73883198955F300A5E4A2 /* HDListDetailViewModel.m in Sources */ = {isa = PBXBuildFile; fileRef = 87A73882198955F300A5E4A2 /* HDListDetailViewModel.m */; };
		87A738881989CFEC00A5E4A2 /* HDMainListHeaderView.m in Sources */ = {isa = PBXBuildFile; fileRef = 87A738871989CFEC00A5E4A2 /* HDMainListHeaderView.m */; };
		87C17A64197C03CF00DCA99C /* HDMainListViewController.m in Sources */ = {isa = PBXBuildFile; fileRef = 87C17A63197C03CF00DCA99C /* HDMainListViewController.m */; };
		87C17A6B197C0B8E00DCA99C /* HDListDetailViewController.m in Sources */ = {isa = PBXBuildFile; fileRef = 87C17A6A197C0B8E00DCA99C /* HDListDetailViewController.m */; };
		87C17A6E197C0C1200DCA99C /* HDMainListCell.m in Sources */ = {isa = PBXBuildFile; fileRef = 87C17A6D197C0C1200DCA99C /* HDMainListCell.m */; };
		87C17A71197C0C6B00DCA99C /* HDSettingsViewController.m in Sources */ = {isa = PBXBuildFile; fileRef = 87C17A70197C0C6B00DCA99C /* HDSettingsViewController.m */; };
		87C522741998ADC200F89B2A /* HDWebViewViewController.m in Sources */ = {isa = PBXBuildFile; fileRef = 87C522731998ADC200F89B2A /* HDWebViewViewController.m */; };
		87C522771999B27800F89B2A /* HDFuninfoViewController.m in Sources */ = {isa = PBXBuildFile; fileRef = 87C522761999B27800F89B2A /* HDFuninfoViewController.m */; };
		87C5227A1999B2CB00F89B2A /* HDFuninfoViewModel.m in Sources */ = {isa = PBXBuildFile; fileRef = 87C522791999B2CB00F89B2A /* HDFuninfoViewModel.m */; };
		87C5227D1999B87800F89B2A /* HDFuninfoCell.m in Sources */ = {isa = PBXBuildFile; fileRef = 87C5227C1999B87800F89B2A /* HDFuninfoCell.m */; };
		87E1F6D319A1FF6D00A0D890 /* HDHistoryRecordStore.m in Sources */ = {isa = PBXBuildFile; fileRef = 87E1F6D219A1FF6D00A0D890 /* HDHistoryRecordStore.m */; };
		87E1F6D619A2510400A0D890 /* HDCacheStore.m in Sources */ = {isa = PBXBuildFile; fileRef = 87E1F6D519A2510400A0D890 /* HDCacheStore.m */; };
/* End PBXBuildFile section */

/* Begin PBXContainerItemProxy section */
		871BE2971963DC4900087E4B /* PBXContainerItemProxy */ = {
			isa = PBXContainerItemProxy;
			containerPortal = 871BE25D1963DC4900087E4B /* Project object */;
			proxyType = 1;
			remoteGlobalIDString = 871BE2641963DC4900087E4B;
			remoteInfo = HotDaily;
		};
/* End PBXContainerItemProxy section */

/* Begin PBXFileReference section */
		12D4EFFBB8304D16B324CB42 /* libPods-HotDaily.a */ = {isa = PBXFileReference; explicitFileType = archive.ar; includeInIndex = 0; path = "libPods-HotDaily.a"; sourceTree = BUILT_PRODUCTS_DIR; };
		4B4C8938C679416A825D8629 /* libPods-HotDailyTests.a */ = {isa = PBXFileReference; explicitFileType = archive.ar; includeInIndex = 0; path = "libPods-HotDailyTests.a"; sourceTree = BUILT_PRODUCTS_DIR; };
		871BE2651963DC4900087E4B /* HotDaily.app */ = {isa = PBXFileReference; explicitFileType = wrapper.application; includeInIndex = 0; path = HotDaily.app; sourceTree = BUILT_PRODUCTS_DIR; };
		871BE2681963DC4900087E4B /* Foundation.framework */ = {isa = PBXFileReference; lastKnownFileType = wrapper.framework; name = Foundation.framework; path = System/Library/Frameworks/Foundation.framework; sourceTree = SDKROOT; };
		871BE26A1963DC4900087E4B /* CoreGraphics.framework */ = {isa = PBXFileReference; lastKnownFileType = wrapper.framework; name = CoreGraphics.framework; path = System/Library/Frameworks/CoreGraphics.framework; sourceTree = SDKROOT; };
		871BE26C1963DC4900087E4B /* UIKit.framework */ = {isa = PBXFileReference; lastKnownFileType = wrapper.framework; name = UIKit.framework; path = System/Library/Frameworks/UIKit.framework; sourceTree = SDKROOT; };
		871BE26E1963DC4900087E4B /* CoreData.framework */ = {isa = PBXFileReference; lastKnownFileType = wrapper.framework; name = CoreData.framework; path = System/Library/Frameworks/CoreData.framework; sourceTree = SDKROOT; };
		871BE2721963DC4900087E4B /* HotDaily-Info.plist */ = {isa = PBXFileReference; lastKnownFileType = text.plist.xml; path = "HotDaily-Info.plist"; sourceTree = "<group>"; };
		871BE2741963DC4900087E4B /* en */ = {isa = PBXFileReference; lastKnownFileType = text.plist.strings; name = en; path = en.lproj/InfoPlist.strings; sourceTree = "<group>"; };
		871BE2761963DC4900087E4B /* main.m */ = {isa = PBXFileReference; lastKnownFileType = sourcecode.c.objc; path = main.m; sourceTree = "<group>"; };
		871BE2781963DC4900087E4B /* HotDaily-Prefix.pch */ = {isa = PBXFileReference; lastKnownFileType = sourcecode.c.h; path = "HotDaily-Prefix.pch"; sourceTree = "<group>"; };
		871BE2791963DC4900087E4B /* HDAppDelegate.h */ = {isa = PBXFileReference; lastKnownFileType = sourcecode.c.h; path = HDAppDelegate.h; sourceTree = "<group>"; };
		871BE27A1963DC4900087E4B /* HDAppDelegate.m */ = {isa = PBXFileReference; lastKnownFileType = sourcecode.c.objc; path = HDAppDelegate.m; sourceTree = "<group>"; };
		871BE27D1963DC4900087E4B /* Base */ = {isa = PBXFileReference; lastKnownFileType = file.storyboard; name = Base; path = Base.lproj/Main_iPhone.storyboard; sourceTree = "<group>"; };
		871BE28B1963DC4900087E4B /* Images.xcassets */ = {isa = PBXFileReference; lastKnownFileType = folder.assetcatalog; path = Images.xcassets; sourceTree = "<group>"; };
		871BE2911963DC4900087E4B /* HotDailyTests.xctest */ = {isa = PBXFileReference; explicitFileType = wrapper.cfbundle; includeInIndex = 0; path = HotDailyTests.xctest; sourceTree = BUILT_PRODUCTS_DIR; };
		871BE2921963DC4900087E4B /* XCTest.framework */ = {isa = PBXFileReference; lastKnownFileType = wrapper.framework; name = XCTest.framework; path = Library/Frameworks/XCTest.framework; sourceTree = DEVELOPER_DIR; };
		871BE29B1963DC4900087E4B /* HotDailyTests-Info.plist */ = {isa = PBXFileReference; lastKnownFileType = text.plist.xml; path = "HotDailyTests-Info.plist"; sourceTree = "<group>"; };
		871BE29D1963DC4900087E4B /* en */ = {isa = PBXFileReference; lastKnownFileType = text.plist.strings; name = en; path = en.lproj/InfoPlist.strings; sourceTree = "<group>"; };
		871BE29F1963DC4900087E4B /* HotDailyTests.m */ = {isa = PBXFileReference; lastKnownFileType = sourcecode.c.objc; path = HotDailyTests.m; sourceTree = "<group>"; };
		876111F4198A3D9E00B92D99 /* contentView */ = {isa = PBXFileReference; lastKnownFileType = folder; path = contentView; sourceTree = "<group>"; };
		876111F6198A409100B92D99 /* WebViewProxy.h */ = {isa = PBXFileReference; fileEncoding = 4; lastKnownFileType = sourcecode.c.h; path = WebViewProxy.h; sourceTree = "<group>"; };
		876111F7198A409100B92D99 /* WebViewProxy.m */ = {isa = PBXFileReference; fileEncoding = 4; lastKnownFileType = sourcecode.c.objc; path = WebViewProxy.m; sourceTree = "<group>"; };
		876CEC051994AC67007BE0E1 /* HDShareViewController.h */ = {isa = PBXFileReference; fileEncoding = 4; lastKnownFileType = sourcecode.c.h; path = HDShareViewController.h; sourceTree = "<group>"; };
		876CEC061994AC67007BE0E1 /* HDShareViewController.m */ = {isa = PBXFileReference; fileEncoding = 4; lastKnownFileType = sourcecode.c.objc; path = HDShareViewController.m; sourceTree = "<group>"; };
		876CEC081994B826007BE0E1 /* UIView+Capture.h */ = {isa = PBXFileReference; fileEncoding = 4; lastKnownFileType = sourcecode.c.h; path = "UIView+Capture.h"; sourceTree = "<group>"; };
		876CEC091994B826007BE0E1 /* UIView+Capture.m */ = {isa = PBXFileReference; fileEncoding = 4; lastKnownFileType = sourcecode.c.objc; path = "UIView+Capture.m"; sourceTree = "<group>"; };
		878003D9199B56A600E65B77 /* MJRefresh.bundle */ = {isa = PBXFileReference; lastKnownFileType = "wrapper.plug-in"; path = MJRefresh.bundle; sourceTree = "<group>"; };
		878003DA199B56A600E65B77 /* MJRefresh.h */ = {isa = PBXFileReference; fileEncoding = 4; lastKnownFileType = sourcecode.c.h; path = MJRefresh.h; sourceTree = "<group>"; };
		878003DB199B56A600E65B77 /* MJRefreshBaseView.h */ = {isa = PBXFileReference; fileEncoding = 4; lastKnownFileType = sourcecode.c.h; path = MJRefreshBaseView.h; sourceTree = "<group>"; };
		878003DC199B56A600E65B77 /* MJRefreshBaseView.m */ = {isa = PBXFileReference; fileEncoding = 4; lastKnownFileType = sourcecode.c.objc; path = MJRefreshBaseView.m; sourceTree = "<group>"; };
		878003DD199B56A600E65B77 /* MJRefreshConst.h */ = {isa = PBXFileReference; fileEncoding = 4; lastKnownFileType = sourcecode.c.h; path = MJRefreshConst.h; sourceTree = "<group>"; };
		878003DE199B56A600E65B77 /* MJRefreshConst.m */ = {isa = PBXFileReference; fileEncoding = 4; lastKnownFileType = sourcecode.c.objc; path = MJRefreshConst.m; sourceTree = "<group>"; };
		878003DF199B56A600E65B77 /* MJRefreshFooterView.h */ = {isa = PBXFileReference; fileEncoding = 4; lastKnownFileType = sourcecode.c.h; path = MJRefreshFooterView.h; sourceTree = "<group>"; };
		878003E0199B56A600E65B77 /* MJRefreshFooterView.m */ = {isa = PBXFileReference; fileEncoding = 4; lastKnownFileType = sourcecode.c.objc; path = MJRefreshFooterView.m; sourceTree = "<group>"; };
		878003E1199B56A600E65B77 /* MJRefreshHeaderView.h */ = {isa = PBXFileReference; fileEncoding = 4; lastKnownFileType = sourcecode.c.h; path = MJRefreshHeaderView.h; sourceTree = "<group>"; };
		878003E2199B56A600E65B77 /* MJRefreshHeaderView.m */ = {isa = PBXFileReference; fileEncoding = 4; lastKnownFileType = sourcecode.c.objc; path = MJRefreshHeaderView.m; sourceTree = "<group>"; };
		878003E3199B56A600E65B77 /* UIScrollView+Extension.h */ = {isa = PBXFileReference; fileEncoding = 4; lastKnownFileType = sourcecode.c.h; path = "UIScrollView+Extension.h"; sourceTree = "<group>"; };
		878003E4199B56A600E65B77 /* UIScrollView+Extension.m */ = {isa = PBXFileReference; fileEncoding = 4; lastKnownFileType = sourcecode.c.objc; path = "UIScrollView+Extension.m"; sourceTree = "<group>"; };
		878003E5199B56A600E65B77 /* UIScrollView+MJRefresh.h */ = {isa = PBXFileReference; fileEncoding = 4; lastKnownFileType = sourcecode.c.h; path = "UIScrollView+MJRefresh.h"; sourceTree = "<group>"; };
		878003E6199B56A600E65B77 /* UIScrollView+MJRefresh.m */ = {isa = PBXFileReference; fileEncoding = 4; lastKnownFileType = sourcecode.c.objc; path = "UIScrollView+MJRefresh.m"; sourceTree = "<group>"; };
		878003E7199B56A600E65B77 /* UIView+Extension.h */ = {isa = PBXFileReference; fileEncoding = 4; lastKnownFileType = sourcecode.c.h; path = "UIView+Extension.h"; sourceTree = "<group>"; };
		878003E8199B56A600E65B77 /* UIView+Extension.m */ = {isa = PBXFileReference; fileEncoding = 4; lastKnownFileType = sourcecode.c.objc; path = "UIView+Extension.m"; sourceTree = "<group>"; };
		878003F1199BB19900E65B77 /* HDHistoryViewController.h */ = {isa = PBXFileReference; fileEncoding = 4; lastKnownFileType = sourcecode.c.h; path = HDHistoryViewController.h; sourceTree = "<group>"; };
		878003F2199BB19900E65B77 /* HDHistoryViewController.m */ = {isa = PBXFileReference; fileEncoding = 4; lastKnownFileType = sourcecode.c.objc; path = HDHistoryViewController.m; sourceTree = "<group>"; };
		878003F4199BB38C00E65B77 /* HDHistoryListViewController.h */ = {isa = PBXFileReference; fileEncoding = 4; lastKnownFileType = sourcecode.c.h; path = HDHistoryListViewController.h; sourceTree = "<group>"; };
		878003F5199BB38C00E65B77 /* HDHistoryListViewController.m */ = {isa = PBXFileReference; fileEncoding = 4; lastKnownFileType = sourcecode.c.objc; path = HDHistoryListViewController.m; sourceTree = "<group>"; };
		878003FB199DAE0D00E65B77 /* historyData */ = {isa = PBXFileReference; lastKnownFileType = folder; path = historyData; sourceTree = "<group>"; };
		878003FD199DB56200E65B77 /* HDHistoryListCell.h */ = {isa = PBXFileReference; fileEncoding = 4; lastKnownFileType = sourcecode.c.h; path = HDHistoryListCell.h; sourceTree = "<group>"; };
		878003FE199DB56200E65B77 /* HDHistoryListCell.m */ = {isa = PBXFileReference; fileEncoding = 4; lastKnownFileType = sourcecode.c.objc; path = HDHistoryListCell.m; sourceTree = "<group>"; };
		87800400199DE96F00E65B77 /* HDHistoryRecordViewController.h */ = {isa = PBXFileReference; fileEncoding = 4; lastKnownFileType = sourcecode.c.h; path = HDHistoryRecordViewController.h; sourceTree = "<group>"; };
		87800401199DE96F00E65B77 /* HDHistoryRecordViewController.m */ = {isa = PBXFileReference; fileEncoding = 4; lastKnownFileType = sourcecode.c.objc; path = HDHistoryRecordViewController.m; sourceTree = "<group>"; };
		87800403199FB49500E65B77 /* HDMainViewController.h */ = {isa = PBXFileReference; fileEncoding = 4; lastKnownFileType = sourcecode.c.h; path = HDMainViewController.h; sourceTree = "<group>"; };
		87800404199FB49500E65B77 /* HDMainViewController.m */ = {isa = PBXFileReference; fileEncoding = 4; lastKnownFileType = sourcecode.c.objc; path = HDMainViewController.m; sourceTree = "<group>"; };
		8780040619A07EDA00E65B77 /* HDAboutViewController.h */ = {isa = PBXFileReference; fileEncoding = 4; lastKnownFileType = sourcecode.c.h; path = HDAboutViewController.h; sourceTree = "<group>"; };
		8780040719A07EDA00E65B77 /* HDAboutViewController.m */ = {isa = PBXFileReference; fileEncoding = 4; lastKnownFileType = sourcecode.c.objc; path = HDAboutViewController.m; sourceTree = "<group>"; };
		8780040919A07F5000E65B77 /* HDBeforeSuggestViewController.h */ = {isa = PBXFileReference; fileEncoding = 4; lastKnownFileType = sourcecode.c.h; path = HDBeforeSuggestViewController.h; sourceTree = "<group>"; };
		8780040A19A07F5000E65B77 /* HDBeforeSuggestViewController.m */ = {isa = PBXFileReference; fileEncoding = 4; lastKnownFileType = sourcecode.c.objc; path = HDBeforeSuggestViewController.m; sourceTree = "<group>"; };
		8780040D19A19BCB00E65B77 /* HDCollectionStore.h */ = {isa = PBXFileReference; fileEncoding = 4; lastKnownFileType = sourcecode.c.h; path = HDCollectionStore.h; sourceTree = "<group>"; };
		8780040E19A19BCB00E65B77 /* HDCollectionStore.m */ = {isa = PBXFileReference; fileEncoding = 4; lastKnownFileType = sourcecode.c.objc; path = HDCollectionStore.m; sourceTree = "<group>"; };
		87829393197D0DD10037AC25 /* HDMainListViewModel.h */ = {isa = PBXFileReference; fileEncoding = 4; lastKnownFileType = sourcecode.c.h; path = HDMainListViewModel.h; sourceTree = "<group>"; };
		87829394197D0DD10037AC25 /* HDMainListViewModel.m */ = {isa = PBXFileReference; fileEncoding = 4; lastKnownFileType = sourcecode.c.objc; path = HDMainListViewModel.m; sourceTree = "<group>"; };
		87829396197D13660037AC25 /* HDHTTPManager.h */ = {isa = PBXFileReference; fileEncoding = 4; lastKnownFileType = sourcecode.c.h; path = HDHTTPManager.h; sourceTree = "<group>"; };
		87829397197D13660037AC25 /* HDHTTPManager.m */ = {isa = PBXFileReference; fileEncoding = 4; lastKnownFileType = sourcecode.c.objc; path = HDHTTPManager.m; sourceTree = "<group>"; };
		879B4A5619907FDD00A70924 /* SystemConfiguration.framework */ = {isa = PBXFileReference; lastKnownFileType = wrapper.framework; name = SystemConfiguration.framework; path = System/Library/Frameworks/SystemConfiguration.framework; sourceTree = SDKROOT; };
		879B4A5819907FE800A70924 /* QuartzCore.framework */ = {isa = PBXFileReference; lastKnownFileType = wrapper.framework; name = QuartzCore.framework; path = System/Library/Frameworks/QuartzCore.framework; sourceTree = SDKROOT; };
		879B4A5A19907FF400A70924 /* CoreTelephony.framework */ = {isa = PBXFileReference; lastKnownFileType = wrapper.framework; name = CoreTelephony.framework; path = System/Library/Frameworks/CoreTelephony.framework; sourceTree = SDKROOT; };
		879B4A5C1990800600A70924 /* libicucore.dylib */ = {isa = PBXFileReference; lastKnownFileType = "compiled.mach-o.dylib"; name = libicucore.dylib; path = usr/lib/libicucore.dylib; sourceTree = SDKROOT; };
		879B4A5E1990801100A70924 /* libz.1.2.5.dylib */ = {isa = PBXFileReference; lastKnownFileType = "compiled.mach-o.dylib"; name = libz.1.2.5.dylib; path = usr/lib/libz.1.2.5.dylib; sourceTree = SDKROOT; };
		879B4A601990801E00A70924 /* Security.framework */ = {isa = PBXFileReference; lastKnownFileType = wrapper.framework; name = Security.framework; path = System/Library/Frameworks/Security.framework; sourceTree = SDKROOT; };
		87A7387519889FA700A5E4A2 /* HDCollectionViewController.h */ = {isa = PBXFileReference; fileEncoding = 4; lastKnownFileType = sourcecode.c.h; path = HDCollectionViewController.h; sourceTree = "<group>"; };
		87A7387619889FA700A5E4A2 /* HDCollectionViewController.m */ = {isa = PBXFileReference; fileEncoding = 4; lastKnownFileType = sourcecode.c.objc; path = HDCollectionViewController.m; sourceTree = "<group>"; };
		87A7387E1988AA1500A5E4A2 /* HDBaseViewController.h */ = {isa = PBXFileReference; fileEncoding = 4; lastKnownFileType = sourcecode.c.h; path = HDBaseViewController.h; sourceTree = "<group>"; };
		87A7387F1988AA1500A5E4A2 /* HDBaseViewController.m */ = {isa = PBXFileReference; fileEncoding = 4; lastKnownFileType = sourcecode.c.objc; path = HDBaseViewController.m; sourceTree = "<group>"; };
		87A73881198955F300A5E4A2 /* HDListDetailViewModel.h */ = {isa = PBXFileReference; fileEncoding = 4; lastKnownFileType = sourcecode.c.h; path = HDListDetailViewModel.h; sourceTree = "<group>"; };
		87A73882198955F300A5E4A2 /* HDListDetailViewModel.m */ = {isa = PBXFileReference; fileEncoding = 4; lastKnownFileType = sourcecode.c.objc; path = HDListDetailViewModel.m; sourceTree = "<group>"; };
		87A738861989CFEC00A5E4A2 /* HDMainListHeaderView.h */ = {isa = PBXFileReference; fileEncoding = 4; lastKnownFileType = sourcecode.c.h; path = HDMainListHeaderView.h; sourceTree = "<group>"; };
		87A738871989CFEC00A5E4A2 /* HDMainListHeaderView.m */ = {isa = PBXFileReference; fileEncoding = 4; lastKnownFileType = sourcecode.c.objc; path = HDMainListHeaderView.m; sourceTree = "<group>"; };
		87C17A62197C03CF00DCA99C /* HDMainListViewController.h */ = {isa = PBXFileReference; fileEncoding = 4; lastKnownFileType = sourcecode.c.h; path = HDMainListViewController.h; sourceTree = "<group>"; };
		87C17A63197C03CF00DCA99C /* HDMainListViewController.m */ = {isa = PBXFileReference; fileEncoding = 4; lastKnownFileType = sourcecode.c.objc; path = HDMainListViewController.m; sourceTree = "<group>"; };
		87C17A68197C061200DCA99C /* HDMacro.pch */ = {isa = PBXFileReference; fileEncoding = 4; lastKnownFileType = sourcecode.c.h; path = HDMacro.pch; sourceTree = "<group>"; };
		87C17A69197C0B8E00DCA99C /* HDListDetailViewController.h */ = {isa = PBXFileReference; fileEncoding = 4; lastKnownFileType = sourcecode.c.h; path = HDListDetailViewController.h; sourceTree = "<group>"; };
		87C17A6A197C0B8E00DCA99C /* HDListDetailViewController.m */ = {isa = PBXFileReference; fileEncoding = 4; lastKnownFileType = sourcecode.c.objc; path = HDListDetailViewController.m; sourceTree = "<group>"; };
		87C17A6C197C0C1200DCA99C /* HDMainListCell.h */ = {isa = PBXFileReference; fileEncoding = 4; lastKnownFileType = sourcecode.c.h; path = HDMainListCell.h; sourceTree = "<group>"; };
		87C17A6D197C0C1200DCA99C /* HDMainListCell.m */ = {isa = PBXFileReference; fileEncoding = 4; lastKnownFileType = sourcecode.c.objc; path = HDMainListCell.m; sourceTree = "<group>"; };
		87C17A6F197C0C6B00DCA99C /* HDSettingsViewController.h */ = {isa = PBXFileReference; fileEncoding = 4; lastKnownFileType = sourcecode.c.h; path = HDSettingsViewController.h; sourceTree = "<group>"; };
		87C17A70197C0C6B00DCA99C /* HDSettingsViewController.m */ = {isa = PBXFileReference; fileEncoding = 4; lastKnownFileType = sourcecode.c.objc; path = HDSettingsViewController.m; sourceTree = "<group>"; };
		87C522721998ADC200F89B2A /* HDWebViewViewController.h */ = {isa = PBXFileReference; fileEncoding = 4; lastKnownFileType = sourcecode.c.h; path = HDWebViewViewController.h; sourceTree = "<group>"; };
		87C522731998ADC200F89B2A /* HDWebViewViewController.m */ = {isa = PBXFileReference; fileEncoding = 4; lastKnownFileType = sourcecode.c.objc; path = HDWebViewViewController.m; sourceTree = "<group>"; };
		87C522751999B27800F89B2A /* HDFuninfoViewController.h */ = {isa = PBXFileReference; fileEncoding = 4; lastKnownFileType = sourcecode.c.h; path = HDFuninfoViewController.h; sourceTree = "<group>"; };
		87C522761999B27800F89B2A /* HDFuninfoViewController.m */ = {isa = PBXFileReference; fileEncoding = 4; lastKnownFileType = sourcecode.c.objc; path = HDFuninfoViewController.m; sourceTree = "<group>"; };
		87C522781999B2CB00F89B2A /* HDFuninfoViewModel.h */ = {isa = PBXFileReference; fileEncoding = 4; lastKnownFileType = sourcecode.c.h; path = HDFuninfoViewModel.h; sourceTree = "<group>"; };
		87C522791999B2CB00F89B2A /* HDFuninfoViewModel.m */ = {isa = PBXFileReference; fileEncoding = 4; lastKnownFileType = sourcecode.c.objc; path = HDFuninfoViewModel.m; sourceTree = "<group>"; };
		87C5227B1999B87800F89B2A /* HDFuninfoCell.h */ = {isa = PBXFileReference; fileEncoding = 4; lastKnownFileType = sourcecode.c.h; path = HDFuninfoCell.h; sourceTree = "<group>"; };
		87C5227C1999B87800F89B2A /* HDFuninfoCell.m */ = {isa = PBXFileReference; fileEncoding = 4; lastKnownFileType = sourcecode.c.objc; path = HDFuninfoCell.m; sourceTree = "<group>"; };
		87E1F6D119A1FF6D00A0D890 /* HDHistoryRecordStore.h */ = {isa = PBXFileReference; fileEncoding = 4; lastKnownFileType = sourcecode.c.h; path = HDHistoryRecordStore.h; sourceTree = "<group>"; };
		87E1F6D219A1FF6D00A0D890 /* HDHistoryRecordStore.m */ = {isa = PBXFileReference; fileEncoding = 4; lastKnownFileType = sourcecode.c.objc; path = HDHistoryRecordStore.m; sourceTree = "<group>"; };
		87E1F6D419A2510300A0D890 /* HDCacheStore.h */ = {isa = PBXFileReference; fileEncoding = 4; lastKnownFileType = sourcecode.c.h; path = HDCacheStore.h; sourceTree = "<group>"; };
		87E1F6D519A2510400A0D890 /* HDCacheStore.m */ = {isa = PBXFileReference; fileEncoding = 4; lastKnownFileType = sourcecode.c.objc; path = HDCacheStore.m; sourceTree = "<group>"; };
		9189872DDC104139BBEDB252 /* Pods-HotDailyTests.xcconfig */ = {isa = PBXFileReference; includeInIndex = 1; lastKnownFileType = text.xcconfig; name = "Pods-HotDailyTests.xcconfig"; path = "Pods/Pods-HotDailyTests.xcconfig"; sourceTree = "<group>"; };
		E82E6AB6F53141E397F64070 /* Pods-HotDaily.xcconfig */ = {isa = PBXFileReference; includeInIndex = 1; lastKnownFileType = text.xcconfig; name = "Pods-HotDaily.xcconfig"; path = "Pods/Pods-HotDaily.xcconfig"; sourceTree = "<group>"; };
/* End PBXFileReference section */

/* Begin PBXFrameworksBuildPhase section */
		871BE2621963DC4900087E4B /* Frameworks */ = {
			isa = PBXFrameworksBuildPhase;
			buildActionMask = 2147483647;
			files = (
				879B4A611990801E00A70924 /* Security.framework in Frameworks */,
				879B4A5F1990801100A70924 /* libz.1.2.5.dylib in Frameworks */,
				879B4A5D1990800600A70924 /* libicucore.dylib in Frameworks */,
				879B4A5B19907FF400A70924 /* CoreTelephony.framework in Frameworks */,
				879B4A5919907FE800A70924 /* QuartzCore.framework in Frameworks */,
				879B4A5719907FDD00A70924 /* SystemConfiguration.framework in Frameworks */,
				871BE26B1963DC4900087E4B /* CoreGraphics.framework in Frameworks */,
				871BE26F1963DC4900087E4B /* CoreData.framework in Frameworks */,
				871BE26D1963DC4900087E4B /* UIKit.framework in Frameworks */,
				871BE2691963DC4900087E4B /* Foundation.framework in Frameworks */,
				466EB19A90A446348AF8FA10 /* libPods-HotDaily.a in Frameworks */,
			);
			runOnlyForDeploymentPostprocessing = 0;
		};
		871BE28E1963DC4900087E4B /* Frameworks */ = {
			isa = PBXFrameworksBuildPhase;
			buildActionMask = 2147483647;
			files = (
				871BE2931963DC4900087E4B /* XCTest.framework in Frameworks */,
				871BE2961963DC4900087E4B /* CoreData.framework in Frameworks */,
				871BE2951963DC4900087E4B /* UIKit.framework in Frameworks */,
				871BE2941963DC4900087E4B /* Foundation.framework in Frameworks */,
				1A2CFCCED8384852B4F979C0 /* libPods-HotDailyTests.a in Frameworks */,
			);
			runOnlyForDeploymentPostprocessing = 0;
		};
/* End PBXFrameworksBuildPhase section */

/* Begin PBXGroup section */
		871BE25C1963DC4900087E4B = {
			isa = PBXGroup;
			children = (
				871BE2701963DC4900087E4B /* HotDaily */,
				871BE2991963DC4900087E4B /* HotDailyTests */,
				871BE2671963DC4900087E4B /* Frameworks */,
				871BE2661963DC4900087E4B /* Products */,
				E82E6AB6F53141E397F64070 /* Pods-HotDaily.xcconfig */,
				9189872DDC104139BBEDB252 /* Pods-HotDailyTests.xcconfig */,
			);
			sourceTree = "<group>";
		};
		871BE2661963DC4900087E4B /* Products */ = {
			isa = PBXGroup;
			children = (
				871BE2651963DC4900087E4B /* HotDaily.app */,
				871BE2911963DC4900087E4B /* HotDailyTests.xctest */,
			);
			name = Products;
			sourceTree = "<group>";
		};
		871BE2671963DC4900087E4B /* Frameworks */ = {
			isa = PBXGroup;
			children = (
				879B4A601990801E00A70924 /* Security.framework */,
				879B4A5E1990801100A70924 /* libz.1.2.5.dylib */,
				879B4A5C1990800600A70924 /* libicucore.dylib */,
				879B4A5A19907FF400A70924 /* CoreTelephony.framework */,
				879B4A5819907FE800A70924 /* QuartzCore.framework */,
				879B4A5619907FDD00A70924 /* SystemConfiguration.framework */,
				871BE2681963DC4900087E4B /* Foundation.framework */,
				871BE26A1963DC4900087E4B /* CoreGraphics.framework */,
				871BE26C1963DC4900087E4B /* UIKit.framework */,
				871BE26E1963DC4900087E4B /* CoreData.framework */,
				871BE2921963DC4900087E4B /* XCTest.framework */,
				12D4EFFBB8304D16B324CB42 /* libPods-HotDaily.a */,
				4B4C8938C679416A825D8629 /* libPods-HotDailyTests.a */,
			);
			name = Frameworks;
			sourceTree = "<group>";
		};
		871BE2701963DC4900087E4B /* HotDaily */ = {
			isa = PBXGroup;
			children = (
				878003D8199B56A600E65B77 /* MJRefresh */,
				876111F6198A409100B92D99 /* WebViewProxy.h */,
				876111F7198A409100B92D99 /* WebViewProxy.m */,
				871BE2791963DC4900087E4B /* HDAppDelegate.h */,
				871BE27A1963DC4900087E4B /* HDAppDelegate.m */,
				87C17A61197C038000DCA99C /* iPhone */,
				87C17A67197C056400DCA99C /* ViewModel */,
				87C17A66197C054800DCA99C /* Model */,
				871BE28B1963DC4900087E4B /* Images.xcassets */,
				871BE2711963DC4900087E4B /* Supporting Files */,
			);
			path = HotDaily;
			sourceTree = "<group>";
		};
		871BE2711963DC4900087E4B /* Supporting Files */ = {
			isa = PBXGroup;
			children = (
				871BE2721963DC4900087E4B /* HotDaily-Info.plist */,
				871BE2731963DC4900087E4B /* InfoPlist.strings */,
				871BE2761963DC4900087E4B /* main.m */,
				871BE2781963DC4900087E4B /* HotDaily-Prefix.pch */,
				87C17A68197C061200DCA99C /* HDMacro.pch */,
			);
			name = "Supporting Files";
			sourceTree = "<group>";
		};
		871BE2991963DC4900087E4B /* HotDailyTests */ = {
			isa = PBXGroup;
			children = (
				871BE29F1963DC4900087E4B /* HotDailyTests.m */,
				871BE29A1963DC4900087E4B /* Supporting Files */,
			);
			path = HotDailyTests;
			sourceTree = "<group>";
		};
		871BE29A1963DC4900087E4B /* Supporting Files */ = {
			isa = PBXGroup;
			children = (
				871BE29B1963DC4900087E4B /* HotDailyTests-Info.plist */,
				871BE29C1963DC4900087E4B /* InfoPlist.strings */,
			);
			name = "Supporting Files";
			sourceTree = "<group>";
		};
		878003D8199B56A600E65B77 /* MJRefresh */ = {
			isa = PBXGroup;
			children = (
				878003D9199B56A600E65B77 /* MJRefresh.bundle */,
				878003DA199B56A600E65B77 /* MJRefresh.h */,
				878003DB199B56A600E65B77 /* MJRefreshBaseView.h */,
				878003DC199B56A600E65B77 /* MJRefreshBaseView.m */,
				878003DD199B56A600E65B77 /* MJRefreshConst.h */,
				878003DE199B56A600E65B77 /* MJRefreshConst.m */,
				878003DF199B56A600E65B77 /* MJRefreshFooterView.h */,
				878003E0199B56A600E65B77 /* MJRefreshFooterView.m */,
				878003E1199B56A600E65B77 /* MJRefreshHeaderView.h */,
				878003E2199B56A600E65B77 /* MJRefreshHeaderView.m */,
				878003E3199B56A600E65B77 /* UIScrollView+Extension.h */,
				878003E4199B56A600E65B77 /* UIScrollView+Extension.m */,
				878003E5199B56A600E65B77 /* UIScrollView+MJRefresh.h */,
				878003E6199B56A600E65B77 /* UIScrollView+MJRefresh.m */,
				878003E7199B56A600E65B77 /* UIView+Extension.h */,
				878003E8199B56A600E65B77 /* UIView+Extension.m */,
			);
			path = MJRefresh;
			sourceTree = "<group>";
		};
		8780040C19A07F8B00E65B77 /* settings */ = {
			isa = PBXGroup;
			children = (
				87C17A6F197C0C6B00DCA99C /* HDSettingsViewController.h */,
				87C17A70197C0C6B00DCA99C /* HDSettingsViewController.m */,
				87A7387519889FA700A5E4A2 /* HDCollectionViewController.h */,
				87A7387619889FA700A5E4A2 /* HDCollectionViewController.m */,
				87800400199DE96F00E65B77 /* HDHistoryRecordViewController.h */,
				87800401199DE96F00E65B77 /* HDHistoryRecordViewController.m */,
				8780040919A07F5000E65B77 /* HDBeforeSuggestViewController.h */,
				8780040A19A07F5000E65B77 /* HDBeforeSuggestViewController.m */,
				8780040619A07EDA00E65B77 /* HDAboutViewController.h */,
				8780040719A07EDA00E65B77 /* HDAboutViewController.m */,
			);
			name = settings;
			sourceTree = "<group>";
		};
		87A738841989CF8600A5E4A2 /* View */ = {
			isa = PBXGroup;
			children = (
				871BE27C1963DC4900087E4B /* Main_iPhone.storyboard */,
				87C17A6C197C0C1200DCA99C /* HDMainListCell.h */,
				87C17A6D197C0C1200DCA99C /* HDMainListCell.m */,
				87C5227B1999B87800F89B2A /* HDFuninfoCell.h */,
				87C5227C1999B87800F89B2A /* HDFuninfoCell.m */,
				87A738861989CFEC00A5E4A2 /* HDMainListHeaderView.h */,
				87A738871989CFEC00A5E4A2 /* HDMainListHeaderView.m */,
				876CEC081994B826007BE0E1 /* UIView+Capture.h */,
				876CEC091994B826007BE0E1 /* UIView+Capture.m */,
				878003FD199DB56200E65B77 /* HDHistoryListCell.h */,
				878003FE199DB56200E65B77 /* HDHistoryListCell.m */,
			);
			name = View;
			sourceTree = "<group>";
		};
		87A738851989CFA000A5E4A2 /* Controller */ = {
			isa = PBXGroup;
			children = (
				87A7387E1988AA1500A5E4A2 /* HDBaseViewController.h */,
				87A7387F1988AA1500A5E4A2 /* HDBaseViewController.m */,
				876CEC051994AC67007BE0E1 /* HDShareViewController.h */,
				876CEC061994AC67007BE0E1 /* HDShareViewController.m */,
				87C522721998ADC200F89B2A /* HDWebViewViewController.h */,
				87C522731998ADC200F89B2A /* HDWebViewViewController.m */,
				87800403199FB49500E65B77 /* HDMainViewController.h */,
				87800404199FB49500E65B77 /* HDMainViewController.m */,
				87C17A62197C03CF00DCA99C /* HDMainListViewController.h */,
				87C17A63197C03CF00DCA99C /* HDMainListViewController.m */,
				87C17A69197C0B8E00DCA99C /* HDListDetailViewController.h */,
				87C17A6A197C0B8E00DCA99C /* HDListDetailViewController.m */,
				87C522751999B27800F89B2A /* HDFuninfoViewController.h */,
				87C522761999B27800F89B2A /* HDFuninfoViewController.m */,
				878003F1199BB19900E65B77 /* HDHistoryViewController.h */,
				878003F2199BB19900E65B77 /* HDHistoryViewController.m */,
				878003F4199BB38C00E65B77 /* HDHistoryListViewController.h */,
				878003F5199BB38C00E65B77 /* HDHistoryListViewController.m */,
				8780040C19A07F8B00E65B77 /* settings */,
			);
			name = Controller;
			sourceTree = "<group>";
		};
		87C17A61197C038000DCA99C /* iPhone */ = {
			isa = PBXGroup;
			children = (
				87A738841989CF8600A5E4A2 /* View */,
				87A738851989CFA000A5E4A2 /* Controller */,
			);
			name = iPhone;
			sourceTree = "<group>";
		};
		87C17A66197C054800DCA99C /* Model */ = {
			isa = PBXGroup;
			children = (
				878003FB199DAE0D00E65B77 /* historyData */,
				876111F4198A3D9E00B92D99 /* contentView */,
				87829396197D13660037AC25 /* HDHTTPManager.h */,
				87829397197D13660037AC25 /* HDHTTPManager.m */,
				8780040D19A19BCB00E65B77 /* HDCollectionStore.h */,
				8780040E19A19BCB00E65B77 /* HDCollectionStore.m */,
				87E1F6D119A1FF6D00A0D890 /* HDHistoryRecordStore.h */,
				87E1F6D219A1FF6D00A0D890 /* HDHistoryRecordStore.m */,
				87E1F6D419A2510300A0D890 /* HDCacheStore.h */,
				87E1F6D519A2510400A0D890 /* HDCacheStore.m */,
			);
			name = Model;
			sourceTree = "<group>";
		};
		87C17A67197C056400DCA99C /* ViewModel */ = {
			isa = PBXGroup;
			children = (
				87829393197D0DD10037AC25 /* HDMainListViewModel.h */,
				87829394197D0DD10037AC25 /* HDMainListViewModel.m */,
				87A73881198955F300A5E4A2 /* HDListDetailViewModel.h */,
				87A73882198955F300A5E4A2 /* HDListDetailViewModel.m */,
				87C522781999B2CB00F89B2A /* HDFuninfoViewModel.h */,
				87C522791999B2CB00F89B2A /* HDFuninfoViewModel.m */,
			);
			name = ViewModel;
			sourceTree = "<group>";
		};
/* End PBXGroup section */

/* Begin PBXNativeTarget section */
		871BE2641963DC4900087E4B /* HotDaily */ = {
			isa = PBXNativeTarget;
			buildConfigurationList = 871BE2A31963DC4900087E4B /* Build configuration list for PBXNativeTarget "HotDaily" */;
			buildPhases = (
				1924682ABE2C4BA18289B103 /* Check Pods Manifest.lock */,
				871BE2611963DC4900087E4B /* Sources */,
				871BE2621963DC4900087E4B /* Frameworks */,
				871BE2631963DC4900087E4B /* Resources */,
				88BACD45721C46DA95257B93 /* Copy Pods Resources */,
			);
			buildRules = (
			);
			dependencies = (
			);
			name = HotDaily;
			productName = HotDaily;
			productReference = 871BE2651963DC4900087E4B /* HotDaily.app */;
			productType = "com.apple.product-type.application";
		};
		871BE2901963DC4900087E4B /* HotDailyTests */ = {
			isa = PBXNativeTarget;
			buildConfigurationList = 871BE2A61963DC4900087E4B /* Build configuration list for PBXNativeTarget "HotDailyTests" */;
			buildPhases = (
				A300EC34DADC4D8F8A32065A /* Check Pods Manifest.lock */,
				871BE28D1963DC4900087E4B /* Sources */,
				871BE28E1963DC4900087E4B /* Frameworks */,
				871BE28F1963DC4900087E4B /* Resources */,
				0A046B61D3644CBABF40F61F /* Copy Pods Resources */,
			);
			buildRules = (
			);
			dependencies = (
				871BE2981963DC4900087E4B /* PBXTargetDependency */,
			);
			name = HotDailyTests;
			productName = HotDailyTests;
			productReference = 871BE2911963DC4900087E4B /* HotDailyTests.xctest */;
			productType = "com.apple.product-type.bundle.unit-test";
		};
/* End PBXNativeTarget section */

/* Begin PBXProject section */
		871BE25D1963DC4900087E4B /* Project object */ = {
			isa = PBXProject;
			attributes = {
				CLASSPREFIX = HD;
				LastUpgradeCheck = 0510;
				ORGANIZATIONNAME = fengweizhou;
				TargetAttributes = {
					871BE2901963DC4900087E4B = {
						TestTargetID = 871BE2641963DC4900087E4B;
					};
				};
			};
			buildConfigurationList = 871BE2601963DC4900087E4B /* Build configuration list for PBXProject "HotDaily" */;
			compatibilityVersion = "Xcode 3.2";
			developmentRegion = English;
			hasScannedForEncodings = 0;
			knownRegions = (
				en,
				Base,
				"zh-Hans",
			);
			mainGroup = 871BE25C1963DC4900087E4B;
			productRefGroup = 871BE2661963DC4900087E4B /* Products */;
			projectDirPath = "";
			projectRoot = "";
			targets = (
				871BE2641963DC4900087E4B /* HotDaily */,
				871BE2901963DC4900087E4B /* HotDailyTests */,
			);
		};
/* End PBXProject section */

/* Begin PBXResourcesBuildPhase section */
		871BE2631963DC4900087E4B /* Resources */ = {
			isa = PBXResourcesBuildPhase;
			buildActionMask = 2147483647;
			files = (
				871BE28C1963DC4900087E4B /* Images.xcassets in Resources */,
				871BE27E1963DC4900087E4B /* Main_iPhone.storyboard in Resources */,
				876111F5198A3D9E00B92D99 /* contentView in Resources */,
				878003FC199DAE0D00E65B77 /* historyData in Resources */,
				878003E9199B56A600E65B77 /* MJRefresh.bundle in Resources */,
				871BE2751963DC4900087E4B /* InfoPlist.strings in Resources */,
			);
			runOnlyForDeploymentPostprocessing = 0;
		};
		871BE28F1963DC4900087E4B /* Resources */ = {
			isa = PBXResourcesBuildPhase;
			buildActionMask = 2147483647;
			files = (
				871BE29E1963DC4900087E4B /* InfoPlist.strings in Resources */,
			);
			runOnlyForDeploymentPostprocessing = 0;
		};
/* End PBXResourcesBuildPhase section */

/* Begin PBXShellScriptBuildPhase section */
		0A046B61D3644CBABF40F61F /* Copy Pods Resources */ = {
			isa = PBXShellScriptBuildPhase;
			buildActionMask = 2147483647;
			files = (
			);
			inputPaths = (
			);
			name = "Copy Pods Resources";
			outputPaths = (
			);
			runOnlyForDeploymentPostprocessing = 0;
			shellPath = /bin/sh;
			shellScript = "\"${SRCROOT}/Pods/Pods-HotDailyTests-resources.sh\"\n";
			showEnvVarsInLog = 0;
		};
		1924682ABE2C4BA18289B103 /* Check Pods Manifest.lock */ = {
			isa = PBXShellScriptBuildPhase;
			buildActionMask = 2147483647;
			files = (
			);
			inputPaths = (
			);
			name = "Check Pods Manifest.lock";
			outputPaths = (
			);
			runOnlyForDeploymentPostprocessing = 0;
			shellPath = /bin/sh;
			shellScript = "diff \"${PODS_ROOT}/../Podfile.lock\" \"${PODS_ROOT}/Manifest.lock\" > /dev/null\nif [[ $? != 0 ]] ; then\n    cat << EOM\nerror: The sandbox is not in sync with the Podfile.lock. Run 'pod install' or update your CocoaPods installation.\nEOM\n    exit 1\nfi\n";
			showEnvVarsInLog = 0;
		};
		88BACD45721C46DA95257B93 /* Copy Pods Resources */ = {
			isa = PBXShellScriptBuildPhase;
			buildActionMask = 2147483647;
			files = (
			);
			inputPaths = (
			);
			name = "Copy Pods Resources";
			outputPaths = (
			);
			runOnlyForDeploymentPostprocessing = 0;
			shellPath = /bin/sh;
			shellScript = "\"${SRCROOT}/Pods/Pods-HotDaily-resources.sh\"\n";
			showEnvVarsInLog = 0;
		};
		A300EC34DADC4D8F8A32065A /* Check Pods Manifest.lock */ = {
			isa = PBXShellScriptBuildPhase;
			buildActionMask = 2147483647;
			files = (
			);
			inputPaths = (
			);
			name = "Check Pods Manifest.lock";
			outputPaths = (
			);
			runOnlyForDeploymentPostprocessing = 0;
			shellPath = /bin/sh;
			shellScript = "diff \"${PODS_ROOT}/../Podfile.lock\" \"${PODS_ROOT}/Manifest.lock\" > /dev/null\nif [[ $? != 0 ]] ; then\n    cat << EOM\nerror: The sandbox is not in sync with the Podfile.lock. Run 'pod install' or update your CocoaPods installation.\nEOM\n    exit 1\nfi\n";
			showEnvVarsInLog = 0;
		};
/* End PBXShellScriptBuildPhase section */

/* Begin PBXSourcesBuildPhase section */
		871BE2611963DC4900087E4B /* Sources */ = {
			isa = PBXSourcesBuildPhase;
			buildActionMask = 2147483647;
			files = (
				878003EC199B56A600E65B77 /* MJRefreshFooterView.m in Sources */,
				87C5227D1999B87800F89B2A /* HDFuninfoCell.m in Sources */,
				876CEC071994AC67007BE0E1 /* HDShareViewController.m in Sources */,
				8780040F19A19BCB00E65B77 /* HDCollectionStore.m in Sources */,
				87800405199FB49500E65B77 /* HDMainViewController.m in Sources */,
				87A73883198955F300A5E4A2 /* HDListDetailViewModel.m in Sources */,
				878003FF199DB56200E65B77 /* HDHistoryListCell.m in Sources */,
				87A738881989CFEC00A5E4A2 /* HDMainListHeaderView.m in Sources */,
				878003EF199B56A600E65B77 /* UIScrollView+MJRefresh.m in Sources */,
				87C17A6B197C0B8E00DCA99C /* HDListDetailViewController.m in Sources */,
				878003ED199B56A600E65B77 /* MJRefreshHeaderView.m in Sources */,
				87829398197D13660037AC25 /* HDHTTPManager.m in Sources */,
				878003EA199B56A600E65B77 /* MJRefreshBaseView.m in Sources */,
				878003F0199B56A600E65B77 /* UIView+Extension.m in Sources */,
				878003EB199B56A600E65B77 /* MJRefreshConst.m in Sources */,
				87A738801988AA1500A5E4A2 /* HDBaseViewController.m in Sources */,
				87829395197D0DD10037AC25 /* HDMainListViewModel.m in Sources */,
				871BE27B1963DC4900087E4B /* HDAppDelegate.m in Sources */,
				878003F6199BB38C00E65B77 /* HDHistoryListViewController.m in Sources */,
				87C5227A1999B2CB00F89B2A /* HDFuninfoViewModel.m in Sources */,
				87C522771999B27800F89B2A /* HDFuninfoViewController.m in Sources */,
				878003EE199B56A600E65B77 /* UIScrollView+Extension.m in Sources */,
				878003F3199BB19900E65B77 /* HDHistoryViewController.m in Sources */,
				87A7387719889FA700A5E4A2 /* HDCollectionViewController.m in Sources */,
				87800402199DE96F00E65B77 /* HDHistoryRecordViewController.m in Sources */,
				8780040819A07EDA00E65B77 /* HDAboutViewController.m in Sources */,
				876CEC0A1994B826007BE0E1 /* UIView+Capture.m in Sources */,
				87C17A64197C03CF00DCA99C /* HDMainListViewController.m in Sources */,
				87C17A71197C0C6B00DCA99C /* HDSettingsViewController.m in Sources */,
				87E1F6D319A1FF6D00A0D890 /* HDHistoryRecordStore.m in Sources */,
				87E1F6D619A2510400A0D890 /* HDCacheStore.m in Sources */,
				876111F8198A409100B92D99 /* WebViewProxy.m in Sources */,
				87C522741998ADC200F89B2A /* HDWebViewViewController.m in Sources */,
				871BE2771963DC4900087E4B /* main.m in Sources */,
				87C17A6E197C0C1200DCA99C /* HDMainListCell.m in Sources */,
				8780040B19A07F5000E65B77 /* HDBeforeSuggestViewController.m in Sources */,
			);
			runOnlyForDeploymentPostprocessing = 0;
		};
		871BE28D1963DC4900087E4B /* Sources */ = {
			isa = PBXSourcesBuildPhase;
			buildActionMask = 2147483647;
			files = (
				871BE2A01963DC4900087E4B /* HotDailyTests.m in Sources */,
			);
			runOnlyForDeploymentPostprocessing = 0;
		};
/* End PBXSourcesBuildPhase section */

/* Begin PBXTargetDependency section */
		871BE2981963DC4900087E4B /* PBXTargetDependency */ = {
			isa = PBXTargetDependency;
			target = 871BE2641963DC4900087E4B /* HotDaily */;
			targetProxy = 871BE2971963DC4900087E4B /* PBXContainerItemProxy */;
		};
/* End PBXTargetDependency section */

/* Begin PBXVariantGroup section */
		871BE2731963DC4900087E4B /* InfoPlist.strings */ = {
			isa = PBXVariantGroup;
			children = (
				871BE2741963DC4900087E4B /* en */,
			);
			name = InfoPlist.strings;
			sourceTree = "<group>";
		};
		871BE27C1963DC4900087E4B /* Main_iPhone.storyboard */ = {
			isa = PBXVariantGroup;
			children = (
				871BE27D1963DC4900087E4B /* Base */,
			);
			name = Main_iPhone.storyboard;
			sourceTree = "<group>";
		};
		871BE29C1963DC4900087E4B /* InfoPlist.strings */ = {
			isa = PBXVariantGroup;
			children = (
				871BE29D1963DC4900087E4B /* en */,
			);
			name = InfoPlist.strings;
			sourceTree = "<group>";
		};
/* End PBXVariantGroup section */

/* Begin XCBuildConfiguration section */
		871BE2A11963DC4900087E4B /* Debug */ = {
			isa = XCBuildConfiguration;
			buildSettings = {
				ALWAYS_SEARCH_USER_PATHS = NO;
				CLANG_CXX_LANGUAGE_STANDARD = "gnu++0x";
				CLANG_CXX_LIBRARY = "libc++";
				CLANG_ENABLE_MODULES = YES;
				CLANG_ENABLE_OBJC_ARC = YES;
				CLANG_WARN_BOOL_CONVERSION = YES;
				CLANG_WARN_CONSTANT_CONVERSION = YES;
				CLANG_WARN_DIRECT_OBJC_ISA_USAGE = YES_ERROR;
				CLANG_WARN_EMPTY_BODY = YES;
				CLANG_WARN_ENUM_CONVERSION = YES;
				CLANG_WARN_INT_CONVERSION = YES;
				CLANG_WARN_OBJC_ROOT_CLASS = YES_ERROR;
				CLANG_WARN__DUPLICATE_METHOD_MATCH = YES;
				"CODE_SIGN_IDENTITY[sdk=iphoneos*]" = "iPhone Developer";
				COPY_PHASE_STRIP = NO;
				GCC_C_LANGUAGE_STANDARD = gnu99;
				GCC_DYNAMIC_NO_PIC = NO;
				GCC_OPTIMIZATION_LEVEL = 0;
				GCC_PREPROCESSOR_DEFINITIONS = (
					"DEBUG=1",
					"$(inherited)",
				);
				GCC_SYMBOLS_PRIVATE_EXTERN = NO;
				GCC_WARN_64_TO_32_BIT_CONVERSION = YES;
				GCC_WARN_ABOUT_RETURN_TYPE = YES_ERROR;
				GCC_WARN_UNDECLARED_SELECTOR = YES;
				GCC_WARN_UNINITIALIZED_AUTOS = YES_AGGRESSIVE;
				GCC_WARN_UNUSED_FUNCTION = YES;
				GCC_WARN_UNUSED_VARIABLE = YES;
				IPHONEOS_DEPLOYMENT_TARGET = 7.1;
				ONLY_ACTIVE_ARCH = YES;
				SDKROOT = iphoneos;
				TARGETED_DEVICE_FAMILY = "1,2";
			};
			name = Debug;
		};
		871BE2A21963DC4900087E4B /* Release */ = {
			isa = XCBuildConfiguration;
			buildSettings = {
				ALWAYS_SEARCH_USER_PATHS = NO;
				CLANG_CXX_LANGUAGE_STANDARD = "gnu++0x";
				CLANG_CXX_LIBRARY = "libc++";
				CLANG_ENABLE_MODULES = YES;
				CLANG_ENABLE_OBJC_ARC = YES;
				CLANG_WARN_BOOL_CONVERSION = YES;
				CLANG_WARN_CONSTANT_CONVERSION = YES;
				CLANG_WARN_DIRECT_OBJC_ISA_USAGE = YES_ERROR;
				CLANG_WARN_EMPTY_BODY = YES;
				CLANG_WARN_ENUM_CONVERSION = YES;
				CLANG_WARN_INT_CONVERSION = YES;
				CLANG_WARN_OBJC_ROOT_CLASS = YES_ERROR;
				CLANG_WARN__DUPLICATE_METHOD_MATCH = YES;
				"CODE_SIGN_IDENTITY[sdk=iphoneos*]" = "iPhone Developer";
				COPY_PHASE_STRIP = YES;
				ENABLE_NS_ASSERTIONS = NO;
				GCC_C_LANGUAGE_STANDARD = gnu99;
				GCC_WARN_64_TO_32_BIT_CONVERSION = YES;
				GCC_WARN_ABOUT_RETURN_TYPE = YES_ERROR;
				GCC_WARN_UNDECLARED_SELECTOR = YES;
				GCC_WARN_UNINITIALIZED_AUTOS = YES_AGGRESSIVE;
				GCC_WARN_UNUSED_FUNCTION = YES;
				GCC_WARN_UNUSED_VARIABLE = YES;
				IPHONEOS_DEPLOYMENT_TARGET = 7.1;
				SDKROOT = iphoneos;
				TARGETED_DEVICE_FAMILY = "1,2";
				VALIDATE_PRODUCT = YES;
			};
			name = Release;
		};
		871BE2A41963DC4900087E4B /* Debug */ = {
			isa = XCBuildConfiguration;
			baseConfigurationReference = E82E6AB6F53141E397F64070 /* Pods-HotDaily.xcconfig */;
			buildSettings = {
				ASSETCATALOG_COMPILER_APPICON_NAME = AppIcon;
				ASSETCATALOG_COMPILER_LAUNCHIMAGE_NAME = LaunchImage;
				FRAMEWORK_SEARCH_PATHS = "$(inherited)";
				GCC_PRECOMPILE_PREFIX_HEADER = YES;
				GCC_PREFIX_HEADER = "HotDaily/HotDaily-Prefix.pch";
				INFOPLIST_FILE = "HotDaily/HotDaily-Info.plist";
				IPHONEOS_DEPLOYMENT_TARGET = 7.0;
				LIBRARY_SEARCH_PATHS = "$(inherited)";
				PRODUCT_NAME = "$(TARGET_NAME)";
				TARGETED_DEVICE_FAMILY = 1;
				WRAPPER_EXTENSION = app;
			};
			name = Debug;
		};
		871BE2A51963DC4900087E4B /* Release */ = {
			isa = XCBuildConfiguration;
			baseConfigurationReference = E82E6AB6F53141E397F64070 /* Pods-HotDaily.xcconfig */;
			buildSettings = {
				ASSETCATALOG_COMPILER_APPICON_NAME = AppIcon;
				ASSETCATALOG_COMPILER_LAUNCHIMAGE_NAME = LaunchImage;
				FRAMEWORK_SEARCH_PATHS = "$(inherited)";
				GCC_PRECOMPILE_PREFIX_HEADER = YES;
				GCC_PREFIX_HEADER = "HotDaily/HotDaily-Prefix.pch";
				INFOPLIST_FILE = "HotDaily/HotDaily-Info.plist";
				IPHONEOS_DEPLOYMENT_TARGET = 7.0;
				LIBRARY_SEARCH_PATHS = "$(inherited)";
				PRODUCT_NAME = "$(TARGET_NAME)";
				TARGETED_DEVICE_FAMILY = 1;
				WRAPPER_EXTENSION = app;
			};
			name = Release;
		};
		871BE2A71963DC4900087E4B /* Debug */ = {
			isa = XCBuildConfiguration;
			baseConfigurationReference = 9189872DDC104139BBEDB252 /* Pods-HotDailyTests.xcconfig */;
			buildSettings = {
				BUNDLE_LOADER = "$(BUILT_PRODUCTS_DIR)/HotDaily.app/HotDaily";
				FRAMEWORK_SEARCH_PATHS = (
					"$(SDKROOT)/Developer/Library/Frameworks",
					"$(inherited)",
					"$(DEVELOPER_FRAMEWORKS_DIR)",
				);
				GCC_PRECOMPILE_PREFIX_HEADER = YES;
				GCC_PREFIX_HEADER = "HotDaily/HotDaily-Prefix.pch";
				GCC_PREPROCESSOR_DEFINITIONS = (
					"DEBUG=1",
					"$(inherited)",
				);
				INFOPLIST_FILE = "HotDailyTests/HotDailyTests-Info.plist";
				PRODUCT_NAME = "$(TARGET_NAME)";
				TEST_HOST = "$(BUNDLE_LOADER)";
				WRAPPER_EXTENSION = xctest;
			};
			name = Debug;
		};
		871BE2A81963DC4900087E4B /* Release */ = {
			isa = XCBuildConfiguration;
			baseConfigurationReference = 9189872DDC104139BBEDB252 /* Pods-HotDailyTests.xcconfig */;
			buildSettings = {
				BUNDLE_LOADER = "$(BUILT_PRODUCTS_DIR)/HotDaily.app/HotDaily";
				FRAMEWORK_SEARCH_PATHS = (
					"$(SDKROOT)/Developer/Library/Frameworks",
					"$(inherited)",
					"$(DEVELOPER_FRAMEWORKS_DIR)",
				);
				GCC_PRECOMPILE_PREFIX_HEADER = YES;
				GCC_PREFIX_HEADER = "HotDaily/HotDaily-Prefix.pch";
				INFOPLIST_FILE = "HotDailyTests/HotDailyTests-Info.plist";
				PRODUCT_NAME = "$(TARGET_NAME)";
				TEST_HOST = "$(BUNDLE_LOADER)";
				WRAPPER_EXTENSION = xctest;
			};
			name = Release;
		};
/* End XCBuildConfiguration section */

/* Begin XCConfigurationList section */
		871BE2601963DC4900087E4B /* Build configuration list for PBXProject "HotDaily" */ = {
			isa = XCConfigurationList;
			buildConfigurations = (
				871BE2A11963DC4900087E4B /* Debug */,
				871BE2A21963DC4900087E4B /* Release */,
			);
			defaultConfigurationIsVisible = 0;
			defaultConfigurationName = Release;
		};
		871BE2A31963DC4900087E4B /* Build configuration list for PBXNativeTarget "HotDaily" */ = {
			isa = XCConfigurationList;
			buildConfigurations = (
				871BE2A41963DC4900087E4B /* Debug */,
				871BE2A51963DC4900087E4B /* Release */,
			);
			defaultConfigurationIsVisible = 0;
			defaultConfigurationName = Release;
		};
		871BE2A61963DC4900087E4B /* Build configuration list for PBXNativeTarget "HotDailyTests" */ = {
			isa = XCConfigurationList;
			buildConfigurations = (
				871BE2A71963DC4900087E4B /* Debug */,
				871BE2A81963DC4900087E4B /* Release */,
			);
			defaultConfigurationIsVisible = 0;
			defaultConfigurationName = Release;
		};
/* End XCConfigurationList section */
	};
	rootObject = 871BE25D1963DC4900087E4B /* Project object */;
}
